PODS:
  - FBSnapshotTestCase (2.0.4):
    - FBSnapshotTestCase/SwiftSupport (= 2.0.4)
  - FBSnapshotTestCase/Core (2.0.4)
  - FBSnapshotTestCase/SwiftSupport (2.0.4):
    - FBSnapshotTestCase/Core
  - FLCommonLibraryPod (1.0.0)

DEPENDENCIES:
  - FBSnapshotTestCase
  - FLCommonLibraryPod (from `../`)

EXTERNAL SOURCES:
  FLCommonLibraryPod:
    :path: ../

SPEC CHECKSUMS:
  FBSnapshotTestCase: d94cf34841c9e77390e29009e8e2713479d48753
  FLCommonLibraryPod: 5bb78ecb829f6aa9bb38b897b94aca121d4625d4

COCOAPODS: 0.39.0
