PODS:
  - FBSnapshotTestCase (2.0.4):
    - FBSnapshotTestCase/SwiftSupport (= 2.0.4)
  - FBSnapshotTestCase/Core (2.0.4)
  - FBSnapshotTestCase/SwiftSupport (2.0.4):
    - FBSnapshotTestCase/Core
  - FLCommonLibraryPod (1.0.1)

DEPENDENCIES:
  - FBSnapshotTestCase
  - FLCommonLibraryPod (from `../`)

EXTERNAL SOURCES:
  FLCommonLibraryPod:
    :path: ../

SPEC CHECKSUMS:
  FBSnapshotTestCase: d94cf34841c9e77390e29009e8e2713479d48753
  FLCommonLibraryPod: a39f67eca552d461c9b4fde819539db4908e9e22

COCOAPODS: 0.39.0
